
Microsoft Visual Studio Solution File, Format Version 12.00
# Visual Studio Version 17
VisualStudioVersion = 17.8.34330.188
MinimumVisualStudioVersion = 10.0.40219.1
Project("{FAE04EC0-301F-11D3-BF4B-00C04F79EFBC}") = "RetriveData", "RetriveData\RetriveData.csproj", "{04CD77E3-FDE3-4613-970C-8BD1CBF0E051}"
EndProject
Global
	GlobalSection(SolutionConfigurationPlatforms) = preSolution
		Debug|Any CPU = Debug|Any CPU
		Release|Any CPU = Release|Any CPU
	EndGlobalSection
	GlobalSection(ProjectConfigurationPlatforms) = postSolution
		{04CD77E3-FDE3-4613-970C-8BD1CBF0E051}.Debug|Any CPU.ActiveCfg = Debug|Any CPU
		{04CD77E3-FDE3-4613-970C-8BD1CBF0E051}.Debug|Any CPU.Build.0 = Debug|Any CPU
		{04CD77E3-FDE3-4613-970C-8BD1CBF0E051}.Release|Any CPU.ActiveCfg = Release|Any CPU
		{04CD77E3-FDE3-4613-970C-8BD1CBF0E051}.Release|Any CPU.Build.0 = Release|Any CPU
	EndGlobalSection
	GlobalSection(SolutionProperties) = preSolution
		HideSolutionNode = FALSE
	EndGlobalSection
	GlobalSection(ExtensibilityGlobals) = postSolution
		SolutionGuid = {60FE77BC-5010-474C-B8D0-9DF259A87E05}
	EndGlobalSection
EndGlobal
